
Microsoft Visual Studio Solution File, Format Version 12.00
# Visual Studio Version 17
VisualStudioVersion = 17.8.34511.84
MinimumVisualStudioVersion = 10.0.40219.1
Project("{FAE04EC0-301F-11D3-BF4B-00C04F79EFBC}") = "ProyectoFinalGasolineras", "ProyectoFinalGasolineras\ProyectoFinalGasolineras.csproj", "{13D222A2-9A8A-4F5C-AF90-D4E9D9F4CB97}"
EndProject
Global
	GlobalSection(SolutionConfigurationPlatforms) = preSolution
		Debug|Any CPU = Debug|Any CPU
		Release|Any CPU = Release|Any CPU
	EndGlobalSection
	GlobalSection(ProjectConfigurationPlatforms) = postSolution
		{13D222A2-9A8A-4F5C-AF90-D4E9D9F4CB97}.Debug|Any CPU.ActiveCfg = Debug|Any CPU
		{13D222A2-9A8A-4F5C-AF90-D4E9D9F4CB97}.Debug|Any CPU.Build.0 = Debug|Any CPU
		{13D222A2-9A8A-4F5C-AF90-D4E9D9F4CB97}.Release|Any CPU.ActiveCfg = Release|Any CPU
		{13D222A2-9A8A-4F5C-AF90-D4E9D9F4CB97}.Release|Any CPU.Build.0 = Release|Any CPU
	EndGlobalSection
	GlobalSection(SolutionProperties) = preSolution
		HideSolutionNode = FALSE
	EndGlobalSection
	GlobalSection(ExtensibilityGlobals) = postSolution
		SolutionGuid = {E63FB870-AC06-4C85-BE5A-3EAC4E0D76A0}
	EndGlobalSection
EndGlobal
